
Microsoft Visual Studio Solution File, Format Version 12.00
# Visual Studio Version 17
VisualStudioVersion = 17.4.33403.182
MinimumVisualStudioVersion = 10.0.40219.1
Project("{FAE04EC0-301F-11D3-BF4B-00C04F79EFBC}") = "SortedTables", "SortedTables.csproj", "{95A83D8E-CCFC-4D88-9D13-B3400E166B31}"
EndProject
Global
	GlobalSection(SolutionConfigurationPlatforms) = preSolution
		Debug|Any CPU = Debug|Any CPU
		Release|Any CPU = Release|Any CPU
	EndGlobalSection
	GlobalSection(ProjectConfigurationPlatforms) = postSolution
		{95A83D8E-CCFC-4D88-9D13-B3400E166B31}.Debug|Any CPU.ActiveCfg = Debug|Any CPU
		{95A83D8E-CCFC-4D88-9D13-B3400E166B31}.Debug|Any CPU.Build.0 = Debug|Any CPU
		{95A83D8E-CCFC-4D88-9D13-B3400E166B31}.Release|Any CPU.ActiveCfg = Release|Any CPU
		{95A83D8E-CCFC-4D88-9D13-B3400E166B31}.Release|Any CPU.Build.0 = Release|Any CPU
	EndGlobalSection
	GlobalSection(SolutionProperties) = preSolution
		HideSolutionNode = FALSE
	EndGlobalSection
	GlobalSection(ExtensibilityGlobals) = postSolution
		SolutionGuid = {E7385F53-8DF9-4632-9DDF-206FF2E2607E}
	EndGlobalSection
EndGlobal
